// !$*UTF8*$!
{
	archiveVersion = 1;
	classes = {
	};
	objectVersion = 46;
	objects = {

/* Begin PBXBuildFile section */
		552B1E2E2177B5710062E4CC /* History.swift in Sources */ = {isa = PBXBuildFile; fileRef = 552B1E2D2177B5710062E4CC /* History.swift */; };
		552B1E362177BDCE0062E4CC /* HistoryController.swift in Sources */ = {isa = PBXBuildFile; fileRef = 552B1E352177BDCE0062E4CC /* HistoryController.swift */; };
		552B1E392177D9CB0062E4CC /* Game.swift in Sources */ = {isa = PBXBuildFile; fileRef = 552B1E382177D9CB0062E4CC /* Game.swift */; };
		552B1E3B2177D9E90062E4CC /* GameView.swift in Sources */ = {isa = PBXBuildFile; fileRef = 552B1E3A2177D9E90062E4CC /* GameView.swift */; };
		552B1E3D217801650062E4CC /* Freecell.help in Resources */ = {isa = PBXBuildFile; fileRef = 552B1E3C217801650062E4CC /* Freecell.help */; };
		552B1E3E217801650062E4CC /* Freecell.help in Resources */ = {isa = PBXBuildFile; fileRef = 552B1E3C217801650062E4CC /* Freecell.help */; };
		55B47D832166B92000D34D16 /* Assets.xcassets in Resources */ = {isa = PBXBuildFile; fileRef = 55B47D822166B92000D34D16 /* Assets.xcassets */; };
		55B47D862166B92000D34D16 /* MainMenu.xib in Resources */ = {isa = PBXBuildFile; fileRef = 55B47D842166B92000D34D16 /* MainMenu.xib */; };
		55B47D8E2166B96700D34D16 /* Card.swift in Sources */ = {isa = PBXBuildFile; fileRef = 55B47D8D2166B96700D34D16 /* Card.swift */; };
		55B47D942166BB9500D34D16 /* GameController.swift in Sources */ = {isa = PBXBuildFile; fileRef = 55B47D932166BB9500D34D16 /* GameController.swift */; };
		55B47D962166C28C00D34D16 /* TableLocation.swift in Sources */ = {isa = PBXBuildFile; fileRef = 55B47D952166C28C00D34D16 /* TableLocation.swift */; };
		55B47D982166C4E000D34D16 /* Result.swift in Sources */ = {isa = PBXBuildFile; fileRef = 55B47D972166C4E000D34D16 /* Result.swift */; };
		55B47D9A2166C6AF00D34D16 /* vccRandHelper.swift in Sources */ = {isa = PBXBuildFile; fileRef = 55B47D992166C6AF00D34D16 /* vccRandHelper.swift */; };
		55CCAA202166DD67008EEFE7 /* Assets.xcassets in Resources */ = {isa = PBXBuildFile; fileRef = 55B47D822166B92000D34D16 /* Assets.xcassets */; };
		55CCAA212166EF96008EEFE7 /* Localizable.strings in Resources */ = {isa = PBXBuildFile; fileRef = F2BD40BD04E06C960098C7F4 /* Localizable.strings */; };
		55CCAA242166F053008EEFE7 /* Table.swift in Sources */ = {isa = PBXBuildFile; fileRef = 55CCAA232166F053008EEFE7 /* Table.swift */; };
		55CCAA262166F085008EEFE7 /* CardView.swift in Sources */ = {isa = PBXBuildFile; fileRef = 55CCAA252166F085008EEFE7 /* CardView.swift */; };
		55EB7F9E216BF37000827FEB /* InfoPlist.strings in Resources */ = {isa = PBXBuildFile; fileRef = 55EB7FA0216BF37000827FEB /* InfoPlist.strings */; };
		55ECE0892169DCC300943261 /* TableMove.swift in Sources */ = {isa = PBXBuildFile; fileRef = 55ECE0882169DCC300943261 /* TableMove.swift */; };
		F29D0D33158CE03A0050A6FA /* Freecell_Prefix.h in Headers */ = {isa = PBXBuildFile; fileRef = 32CA4F630368D1EE00C91783 /* Freecell_Prefix.h */; };
		F29D0D34158CE03A0050A6FA /* GameView.h in Headers */ = {isa = PBXBuildFile; fileRef = F2CD26A404B477F30003D579 /* GameView.h */; };
		F29D0D35158CE03A0050A6FA /* Table.h in Headers */ = {isa = PBXBuildFile; fileRef = F2B3C1C304B48990008FB189 /* Table.h */; };
		F29D0D36158CE03A0050A6FA /* Game.h in Headers */ = {isa = PBXBuildFile; fileRef = F2CBECB004B4D1890052BE5F /* Game.h */; };
		F29D0D37158CE03A0050A6FA /* CardView.h in Headers */ = {isa = PBXBuildFile; fileRef = F2BFB9B104B89C1D0085C4AC /* CardView.h */; };
		F29D0D38158CE03A0050A6FA /* GameController.h in Headers */ = {isa = PBXBuildFile; fileRef = F24508A204BB163A00664F50 /* GameController.h */; };
		F29D0D39158CE03A0050A6FA /* TableMove.h in Headers */ = {isa = PBXBuildFile; fileRef = F265026604BF76F50099FD16 /* TableMove.h */; };
		F29D0D3A158CE03A0050A6FA /* TableLocation.h in Headers */ = {isa = PBXBuildFile; fileRef = F2D5C97F04D01675009D3217 /* TableLocation.h */; };
		F29D0D3B158CE03A0050A6FA /* History.h in Headers */ = {isa = PBXBuildFile; fileRef = F2CFBFB104D331C700062083 /* History.h */; };
		F29D0D3C158CE03A0050A6FA /* HistoryController.h in Headers */ = {isa = PBXBuildFile; fileRef = F26D7EC904D5E9BA00388118 /* HistoryController.h */; };
		F29D0D3D158CE03A0050A6FA /* Result.h in Headers */ = {isa = PBXBuildFile; fileRef = F2E74A2804D6A1A300494E10 /* Result.h */; };
		F29D0D3E158CE03A0050A6FA /* PreferencesController.h in Headers */ = {isa = PBXBuildFile; fileRef = F2B09AC904DB2C7C00203F18 /* PreferencesController.h */; };
		F29D0D3F158CE03A0050A6FA /* Card.h in Headers */ = {isa = PBXBuildFile; fileRef = F2ABB4D504B76E8B006A8F0E /* Card.h */; };
		F29D0D40158CE03A0050A6FA /* vccRand.h in Headers */ = {isa = PBXBuildFile; fileRef = F2B6AE4E07F5933000F80727 /* vccRand.h */; };
		F29D0D42158CE03A0050A6FA /* MainMenu.nib in Resources */ = {isa = PBXBuildFile; fileRef = 29B97318FDCFA39411CA2CEA /* MainMenu.nib */; };
		F29D0D43158CE03A0050A6FA /* InfoPlist.strings in Resources */ = {isa = PBXBuildFile; fileRef = 089C165CFE840E0CC02AAC07 /* InfoPlist.strings */; };
		F29D0D44158CE03A0050A6FA /* Freecell.icns in Resources */ = {isa = PBXBuildFile; fileRef = F2E57CE104C20E36005D2EDB /* Freecell.icns */; };
		F29D0D45158CE03A0050A6FA /* Credits.html in Resources */ = {isa = PBXBuildFile; fileRef = F2F17F5C04E07FD4003ED142 /* Credits.html */; };
		F29D0D46158CE03A0050A6FA /* Localizable.strings in Resources */ = {isa = PBXBuildFile; fileRef = F2BD40BD04E06C960098C7F4 /* Localizable.strings */; };
		F29D0D4A158CE03A0050A6FA /* main.m in Sources */ = {isa = PBXBuildFile; fileRef = 29B97316FDCFA39411CA2CEA /* main.m */; settings = {ATTRIBUTES = (); }; };
		F29D0D4B158CE03A0050A6FA /* GameView.m in Sources */ = {isa = PBXBuildFile; fileRef = F2CD26A504B477F30003D579 /* GameView.m */; };
		F29D0D4C158CE03A0050A6FA /* Game.m in Sources */ = {isa = PBXBuildFile; fileRef = F2CBECB104B4D1890052BE5F /* Game.m */; };
		F29D0D4D158CE03A0050A6FA /* Card.m in Sources */ = {isa = PBXBuildFile; fileRef = F2ABB4D604B76E8B006A8F0E /* Card.m */; };
		F29D0D4E158CE03A0050A6FA /* CardView.m in Sources */ = {isa = PBXBuildFile; fileRef = F2BFB9B204B89C1D0085C4AC /* CardView.m */; };
		F29D0D4F158CE03A0050A6FA /* GameController.m in Sources */ = {isa = PBXBuildFile; fileRef = F24508A304BB163A00664F50 /* GameController.m */; };
		F29D0D50158CE03A0050A6FA /* TableMove.m in Sources */ = {isa = PBXBuildFile; fileRef = F265026704BF76F50099FD16 /* TableMove.m */; };
		F29D0D51158CE03A0050A6FA /* Table.m in Sources */ = {isa = PBXBuildFile; fileRef = F2B3C1C404B48990008FB189 /* Table.m */; };
		F29D0D52158CE03A0050A6FA /* TableLocation.m in Sources */ = {isa = PBXBuildFile; fileRef = F2D5C98104D01684009D3217 /* TableLocation.m */; };
		F29D0D53158CE03A0050A6FA /* History.m in Sources */ = {isa = PBXBuildFile; fileRef = F2CFBFB204D331C700062083 /* History.m */; };
		F29D0D54158CE03A0050A6FA /* HistoryController.m in Sources */ = {isa = PBXBuildFile; fileRef = F26D7ECA04D5E9BA00388118 /* HistoryController.m */; };
		F29D0D55158CE03A0050A6FA /* Result.m in Sources */ = {isa = PBXBuildFile; fileRef = F2E74A2904D6A1A300494E10 /* Result.m */; };
		F29D0D56158CE03A0050A6FA /* PreferencesController.m in Sources */ = {isa = PBXBuildFile; fileRef = F2B09ACA04DB2C7C00203F18 /* PreferencesController.m */; };
		F29D0D57158CE03A0050A6FA /* vccRand.c in Sources */ = {isa = PBXBuildFile; fileRef = F2B6AE4D07F5933000F80727 /* vccRand.c */; };
		F29D0D59158CE03A0050A6FA /* Cocoa.framework in Frameworks */ = {isa = PBXBuildFile; fileRef = 1058C7A1FEA54F0111CA2CBB /* Cocoa.framework */; };
/* End PBXBuildFile section */

/* Begin PBXFileReference section */
		089C165DFE840E0CC02AAC07 /* en */ = {isa = PBXFileReference; fileEncoding = 4; lastKnownFileType = text.plist.strings; name = en; path = en.lproj/InfoPlist.strings; sourceTree = "<group>"; };
		1058C7A1FEA54F0111CA2CBB /* Cocoa.framework */ = {isa = PBXFileReference; lastKnownFileType = wrapper.framework; name = Cocoa.framework; path = System/Library/Frameworks/Cocoa.framework; sourceTree = SDKROOT; };
		29B97316FDCFA39411CA2CEA /* main.m */ = {isa = PBXFileReference; fileEncoding = 30; lastKnownFileType = sourcecode.c.objc; path = main.m; sourceTree = "<group>"; };
		29B97319FDCFA39411CA2CEA /* en */ = {isa = PBXFileReference; lastKnownFileType = wrapper.nib; name = en; path = en.lproj/MainMenu.nib; sourceTree = "<group>"; };
		29B97324FDCFA39411CA2CEA /* AppKit.framework */ = {isa = PBXFileReference; lastKnownFileType = wrapper.framework; name = AppKit.framework; path = System/Library/Frameworks/AppKit.framework; sourceTree = SDKROOT; };
		29B97325FDCFA39411CA2CEA /* Foundation.framework */ = {isa = PBXFileReference; lastKnownFileType = wrapper.framework; name = Foundation.framework; path = System/Library/Frameworks/Foundation.framework; sourceTree = SDKROOT; };
		32CA4F630368D1EE00C91783 /* Freecell_Prefix.h */ = {isa = PBXFileReference; fileEncoding = 4; lastKnownFileType = sourcecode.c.h; path = Freecell_Prefix.h; sourceTree = "<group>"; };
		552B1E2D2177B5710062E4CC /* History.swift */ = {isa = PBXFileReference; lastKnownFileType = sourcecode.swift; path = History.swift; sourceTree = "<group>"; };
		552B1E352177BDCE0062E4CC /* HistoryController.swift */ = {isa = PBXFileReference; lastKnownFileType = sourcecode.swift; path = HistoryController.swift; sourceTree = "<group>"; };
		552B1E382177D9CB0062E4CC /* Game.swift */ = {isa = PBXFileReference; lastKnownFileType = sourcecode.swift; path = Game.swift; sourceTree = "<group>"; };
		552B1E3A2177D9E90062E4CC /* GameView.swift */ = {isa = PBXFileReference; lastKnownFileType = sourcecode.swift; path = GameView.swift; sourceTree = "<group>"; };
		552B1E3C217801650062E4CC /* Freecell.help */ = {isa = PBXFileReference; lastKnownFileType = folder; path = Freecell.help; sourceTree = "<group>"; };
		552ED130216BED76009D31B2 /* en */ = {isa = PBXFileReference; fileEncoding = 4; lastKnownFileType = text.plist.strings; name = en; path = en.lproj/MainMenu.strings; sourceTree = "<group>"; };
		552ED140216BEE76009D31B2 /* ja */ = {isa = PBXFileReference; fileEncoding = 4; lastKnownFileType = text.plist.strings; name = ja; path = ja.lproj/MainMenu.strings; sourceTree = "<group>"; };
		552ED141216BEE80009D31B2 /* fr */ = {isa = PBXFileReference; fileEncoding = 4; lastKnownFileType = text.plist.strings; name = fr; path = fr.lproj/MainMenu.strings; sourceTree = "<group>"; };
		552ED142216BEE84009D31B2 /* nl */ = {isa = PBXFileReference; fileEncoding = 4; lastKnownFileType = text.plist.strings; name = nl; path = nl.lproj/MainMenu.strings; sourceTree = "<group>"; };
		552ED143216BEE88009D31B2 /* es */ = {isa = PBXFileReference; fileEncoding = 4; lastKnownFileType = text.plist.strings; name = es; path = es.lproj/MainMenu.strings; sourceTree = "<group>"; };
		552ED144216BEE8E009D31B2 /* fi */ = {isa = PBXFileReference; fileEncoding = 4; lastKnownFileType = text.plist.strings; name = fi; path = fi.lproj/MainMenu.strings; sourceTree = "<group>"; };
		55B47D7E2166B91E00D34D16 /* FreeCell Swift.app */ = {isa = PBXFileReference; explicitFileType = wrapper.application; includeInIndex = 0; path = "FreeCell Swift.app"; sourceTree = BUILT_PRODUCTS_DIR; };
		55B47D822166B92000D34D16 /* Assets.xcassets */ = {isa = PBXFileReference; lastKnownFileType = folder.assetcatalog; path = Assets.xcassets; sourceTree = "<group>"; };
		55B47D852166B92000D34D16 /* Base */ = {isa = PBXFileReference; lastKnownFileType = file.xib; name = Base; path = Base.lproj/MainMenu.xib; sourceTree = "<group>"; };
		55B47D872166B92000D34D16 /* Info.plist */ = {isa = PBXFileReference; lastKnownFileType = text.plist.xml; path = Info.plist; sourceTree = "<group>"; };
		55B47D882166B92000D34D16 /* FreeCell_Swift.entitlements */ = {isa = PBXFileReference; lastKnownFileType = text.plist.entitlements; path = FreeCell_Swift.entitlements; sourceTree = "<group>"; };
		55B47D8D2166B96700D34D16 /* Card.swift */ = {isa = PBXFileReference; lastKnownFileType = sourcecode.swift; path = Card.swift; sourceTree = "<group>"; };
		55B47D922166B9C600D34D16 /* FreeCellSwift-bridging.h */ = {isa = PBXFileReference; lastKnownFileType = sourcecode.c.h; path = "FreeCellSwift-bridging.h"; sourceTree = "<group>"; };
		55B47D932166BB9500D34D16 /* GameController.swift */ = {isa = PBXFileReference; lastKnownFileType = sourcecode.swift; path = GameController.swift; sourceTree = "<group>"; };
		55B47D952166C28C00D34D16 /* TableLocation.swift */ = {isa = PBXFileReference; lastKnownFileType = sourcecode.swift; path = TableLocation.swift; sourceTree = "<group>"; };
		55B47D972166C4E000D34D16 /* Result.swift */ = {isa = PBXFileReference; lastKnownFileType = sourcecode.swift; path = Result.swift; sourceTree = "<group>"; };
		55B47D992166C6AF00D34D16 /* vccRandHelper.swift */ = {isa = PBXFileReference; lastKnownFileType = sourcecode.swift; path = vccRandHelper.swift; sourceTree = "<group>"; };
		55CCAA232166F053008EEFE7 /* Table.swift */ = {isa = PBXFileReference; lastKnownFileType = sourcecode.swift; path = Table.swift; sourceTree = "<group>"; };
		55CCAA252166F085008EEFE7 /* CardView.swift */ = {isa = PBXFileReference; lastKnownFileType = sourcecode.swift; path = CardView.swift; sourceTree = "<group>"; };
		55EB7F9F216BF37000827FEB /* en */ = {isa = PBXFileReference; fileEncoding = 4; lastKnownFileType = text.plist.strings; name = en; path = en.lproj/InfoPlist.strings; sourceTree = "<group>"; };
		55EB7FA1216BF47300827FEB /* ja */ = {isa = PBXFileReference; fileEncoding = 4; lastKnownFileType = text.plist.strings; name = ja; path = ja.lproj/InfoPlist.strings; sourceTree = "<group>"; };
		55EB7FA2216BF47400827FEB /* fr */ = {isa = PBXFileReference; fileEncoding = 4; lastKnownFileType = text.plist.strings; name = fr; path = fr.lproj/InfoPlist.strings; sourceTree = "<group>"; };
		55EB7FA3216BF47600827FEB /* nl */ = {isa = PBXFileReference; fileEncoding = 4; lastKnownFileType = text.plist.strings; name = nl; path = nl.lproj/InfoPlist.strings; sourceTree = "<group>"; };
		55EB7FA4216BF47700827FEB /* es */ = {isa = PBXFileReference; fileEncoding = 4; lastKnownFileType = text.plist.strings; name = es; path = es.lproj/InfoPlist.strings; sourceTree = "<group>"; };
		55EB7FA5216BF47800827FEB /* fi */ = {isa = PBXFileReference; fileEncoding = 4; lastKnownFileType = text.plist.strings; name = fi; path = fi.lproj/InfoPlist.strings; sourceTree = "<group>"; };
		55ECE0882169DCC300943261 /* TableMove.swift */ = {isa = PBXFileReference; lastKnownFileType = sourcecode.swift; path = TableMove.swift; sourceTree = "<group>"; };
		F241643C07C7A06B002C0965 /* bonded.png */ = {isa = PBXFileReference; lastKnownFileType = image.png; name = bonded.png; path = Cards/bonded.png; sourceTree = "<group>"; };
		F24508A204BB163A00664F50 /* GameController.h */ = {isa = PBXFileReference; fileEncoding = 30; lastKnownFileType = sourcecode.c.h; path = GameController.h; sourceTree = "<group>"; };
		F24508A304BB163A00664F50 /* GameController.m */ = {isa = PBXFileReference; fileEncoding = 30; lastKnownFileType = sourcecode.c.objc; path = GameController.m; sourceTree = "<group>"; };
		F265026604BF76F50099FD16 /* TableMove.h */ = {isa = PBXFileReference; fileEncoding = 4; lastKnownFileType = sourcecode.c.h; path = TableMove.h; sourceTree = "<group>"; };
		F265026704BF76F50099FD16 /* TableMove.m */ = {isa = PBXFileReference; fileEncoding = 4; lastKnownFileType = sourcecode.c.objc; path = TableMove.m; sourceTree = "<group>"; };
		F26D7EC904D5E9BA00388118 /* HistoryController.h */ = {isa = PBXFileReference; fileEncoding = 30; lastKnownFileType = sourcecode.c.h; path = HistoryController.h; sourceTree = "<group>"; };
		F26D7ECA04D5E9BA00388118 /* HistoryController.m */ = {isa = PBXFileReference; fileEncoding = 30; lastKnownFileType = sourcecode.c.objc; path = HistoryController.m; sourceTree = "<group>"; };
		F290B98C0505E42600DB1354 /* fr */ = {isa = PBXFileReference; fileEncoding = 4; lastKnownFileType = text.html; name = fr; path = fr.lproj/Credits.html; sourceTree = "<group>"; };
		F290B98E0505E6BD00DB1354 /* fr */ = {isa = PBXFileReference; lastKnownFileType = wrapper.nib; name = fr; path = fr.lproj/MainMenu.nib; sourceTree = "<group>"; };
		F290B98F0505E6CF00DB1354 /* fr */ = {isa = PBXFileReference; fileEncoding = 4; lastKnownFileType = text.plist.strings; name = fr; path = fr.lproj/InfoPlist.strings; sourceTree = "<group>"; };
		F290B9900505E6DD00DB1354 /* fr */ = {isa = PBXFileReference; fileEncoding = 4; lastKnownFileType = text.plist.strings; name = fr; path = fr.lproj/Localizable.strings; sourceTree = "<group>"; };
		F29D0D5E158CE03A0050A6FA /* Info-Freecell.plist */ = {isa = PBXFileReference; lastKnownFileType = text.plist.xml; path = "Info-Freecell.plist"; sourceTree = "<group>"; };
		F29D0D5F158CE03A0050A6FA /* Freecell.app */ = {isa = PBXFileReference; explicitFileType = wrapper.application; includeInIndex = 0; path = Freecell.app; sourceTree = BUILT_PRODUCTS_DIR; };
		F2ABB4D504B76E8B006A8F0E /* Card.h */ = {isa = PBXFileReference; fileEncoding = 4; lastKnownFileType = sourcecode.c.h; path = Card.h; sourceTree = "<group>"; };
		F2ABB4D604B76E8B006A8F0E /* Card.m */ = {isa = PBXFileReference; fileEncoding = 4; lastKnownFileType = sourcecode.c.objc; path = Card.m; sourceTree = "<group>"; };
		F2B09AC904DB2C7C00203F18 /* PreferencesController.h */ = {isa = PBXFileReference; fileEncoding = 30; lastKnownFileType = sourcecode.c.h; path = PreferencesController.h; sourceTree = "<group>"; };
		F2B09ACA04DB2C7C00203F18 /* PreferencesController.m */ = {isa = PBXFileReference; fileEncoding = 30; lastKnownFileType = sourcecode.c.objc; path = PreferencesController.m; sourceTree = "<group>"; };
		F2B3C1C304B48990008FB189 /* Table.h */ = {isa = PBXFileReference; fileEncoding = 4; lastKnownFileType = sourcecode.c.h; path = Table.h; sourceTree = "<group>"; };
		F2B3C1C404B48990008FB189 /* Table.m */ = {isa = PBXFileReference; fileEncoding = 4; lastKnownFileType = sourcecode.c.objc; path = Table.m; sourceTree = "<group>"; };
		F2B4CA5B04C3317600634620 /* en */ = {isa = PBXFileReference; fileEncoding = 4; lastKnownFileType = text.html; name = en; path = en.lproj/Credits.html; sourceTree = "<group>"; };
		F2B6AE4D07F5933000F80727 /* vccRand.c */ = {isa = PBXFileReference; fileEncoding = 30; lastKnownFileType = sourcecode.c.c; path = vccRand.c; sourceTree = "<group>"; };
		F2B6AE4E07F5933000F80727 /* vccRand.h */ = {isa = PBXFileReference; fileEncoding = 30; lastKnownFileType = sourcecode.c.h; path = vccRand.h; sourceTree = "<group>"; };
		F2BD40BE04E06C960098C7F4 /* en */ = {isa = PBXFileReference; fileEncoding = 4; lastKnownFileType = text.plist.strings; name = en; path = en.lproj/Localizable.strings; sourceTree = "<group>"; };
		F2BFB9B104B89C1D0085C4AC /* CardView.h */ = {isa = PBXFileReference; fileEncoding = 4; lastKnownFileType = sourcecode.c.h; path = CardView.h; sourceTree = "<group>"; };
		F2BFB9B204B89C1D0085C4AC /* CardView.m */ = {isa = PBXFileReference; fileEncoding = 4; lastKnownFileType = sourcecode.c.objc; path = CardView.m; sourceTree = "<group>"; };
		F2CBECB004B4D1890052BE5F /* Game.h */ = {isa = PBXFileReference; fileEncoding = 4; lastKnownFileType = sourcecode.c.h; path = Game.h; sourceTree = "<group>"; };
		F2CBECB104B4D1890052BE5F /* Game.m */ = {isa = PBXFileReference; fileEncoding = 4; lastKnownFileType = sourcecode.c.objc; path = Game.m; sourceTree = "<group>"; };
		F2CD26A404B477F30003D579 /* GameView.h */ = {isa = PBXFileReference; fileEncoding = 4; lastKnownFileType = sourcecode.c.h; path = GameView.h; sourceTree = "<group>"; };
		F2CD26A504B477F30003D579 /* GameView.m */ = {isa = PBXFileReference; fileEncoding = 4; lastKnownFileType = sourcecode.c.objc; path = GameView.m; sourceTree = "<group>"; };
		F2CFBFB104D331C700062083 /* History.h */ = {isa = PBXFileReference; fileEncoding = 4; lastKnownFileType = sourcecode.c.h; path = History.h; sourceTree = "<group>"; };
		F2CFBFB204D331C700062083 /* History.m */ = {isa = PBXFileReference; fileEncoding = 4; lastKnownFileType = sourcecode.c.objc; path = History.m; sourceTree = "<group>"; };
		F2D5C97F04D01675009D3217 /* TableLocation.h */ = {isa = PBXFileReference; fileEncoding = 4; indentWidth = 4; lastKnownFileType = sourcecode.c.h; path = TableLocation.h; sourceTree = "<group>"; usesTabs = 0; };
		F2D5C98104D01684009D3217 /* TableLocation.m */ = {isa = PBXFileReference; fileEncoding = 4; lastKnownFileType = sourcecode.c.objc; path = TableLocation.m; sourceTree = "<group>"; };
		F2E1391E05023FEB0059D1F0 /* nl */ = {isa = PBXFileReference; fileEncoding = 4; lastKnownFileType = text.html; name = nl; path = nl.lproj/Credits.html; sourceTree = "<group>"; };
		F2E13920050240090059D1F0 /* nl */ = {isa = PBXFileReference; lastKnownFileType = wrapper.nib; name = nl; path = nl.lproj/MainMenu.nib; sourceTree = "<group>"; };
		F2E139210502401B0059D1F0 /* nl */ = {isa = PBXFileReference; fileEncoding = 4; lastKnownFileType = text.plist.strings; name = nl; path = nl.lproj/Localizable.strings; sourceTree = "<group>"; };
		F2E139220502402B0059D1F0 /* nl */ = {isa = PBXFileReference; fileEncoding = 4; lastKnownFileType = text.plist.strings; name = nl; path = nl.lproj/InfoPlist.strings; sourceTree = "<group>"; };
		F2E57CE104C20E36005D2EDB /* Freecell.icns */ = {isa = PBXFileReference; lastKnownFileType = image.icns; path = Freecell.icns; sourceTree = "<group>"; };
		F2E74A2804D6A1A300494E10 /* Result.h */ = {isa = PBXFileReference; fileEncoding = 4; lastKnownFileType = sourcecode.c.h; path = Result.h; sourceTree = "<group>"; };
		F2E74A2904D6A1A300494E10 /* Result.m */ = {isa = PBXFileReference; fileEncoding = 4; lastKnownFileType = sourcecode.c.objc; path = Result.m; sourceTree = "<group>"; };
		F2EBA8CA07C9391D0093A065 /* fi */ = {isa = PBXFileReference; lastKnownFileType = wrapper.nib; name = fi; path = fi.lproj/MainMenu.nib; sourceTree = "<group>"; };
		F2EBA8CB07C939260093A065 /* fi */ = {isa = PBXFileReference; fileEncoding = 4; lastKnownFileType = text.html; name = fi; path = fi.lproj/Credits.html; sourceTree = "<group>"; };
		F2EBA8CC07C9392C0093A065 /* fi */ = {isa = PBXFileReference; fileEncoding = 4; lastKnownFileType = text.plist.strings; name = fi; path = fi.lproj/Localizable.strings; sourceTree = "<group>"; };
		F2EBA8CD07C939340093A065 /* fi */ = {isa = PBXFileReference; fileEncoding = 4; lastKnownFileType = text.plist.strings; name = fi; path = fi.lproj/InfoPlist.strings; sourceTree = "<group>"; };
		F2FE114707C91DD800C0DC93 /* ja */ = {isa = PBXFileReference; lastKnownFileType = wrapper.nib; name = ja; path = ja.lproj/MainMenu.nib; sourceTree = "<group>"; };
		F2FE114807C91DDB00C0DC93 /* es */ = {isa = PBXFileReference; lastKnownFileType = wrapper.nib; name = es; path = es.lproj/MainMenu.nib; sourceTree = "<group>"; };
		F2FE115407C91E0400C0DC93 /* es */ = {isa = PBXFileReference; fileEncoding = 4; lastKnownFileType = text.plist.strings; name = es; path = es.lproj/Localizable.strings; sourceTree = "<group>"; };
		F2FE115507C91E0600C0DC93 /* ja */ = {isa = PBXFileReference; fileEncoding = 4; lastKnownFileType = text.plist.strings; name = ja; path = ja.lproj/Localizable.strings; sourceTree = "<group>"; };
		F2FE115807C91E1B00C0DC93 /* es */ = {isa = PBXFileReference; fileEncoding = 4; lastKnownFileType = text.plist.strings; name = es; path = es.lproj/InfoPlist.strings; sourceTree = "<group>"; };
		F2FE115907C91E1D00C0DC93 /* ja */ = {isa = PBXFileReference; fileEncoding = 4; lastKnownFileType = text.plist.strings; name = ja; path = ja.lproj/InfoPlist.strings; sourceTree = "<group>"; };
		F2FE118407C91F5300C0DC93 /* ja */ = {isa = PBXFileReference; fileEncoding = 4; lastKnownFileType = text.html; name = ja; path = ja.lproj/Credits.html; sourceTree = "<group>"; };
		F2FE118507C91F5600C0DC93 /* es */ = {isa = PBXFileReference; fileEncoding = 4; indentWidth = 2; lastKnownFileType = text.html; name = es; path = es.lproj/Credits.html; sourceTree = "<group>"; usesTabs = 0; };
/* End PBXFileReference section */

/* Begin PBXFrameworksBuildPhase section */
		55B47D7B2166B91E00D34D16 /* Frameworks */ = {
			isa = PBXFrameworksBuildPhase;
			buildActionMask = 2147483647;
			files = (
			);
			runOnlyForDeploymentPostprocessing = 0;
		};
		F29D0D58158CE03A0050A6FA /* Frameworks */ = {
			isa = PBXFrameworksBuildPhase;
			buildActionMask = 2147483647;
			files = (
				F29D0D59158CE03A0050A6FA /* Cocoa.framework in Frameworks */,
			);
			runOnlyForDeploymentPostprocessing = 0;
		};
/* End PBXFrameworksBuildPhase section */

/* Begin PBXGroup section */
		080E96DDFE201D6D7F000001 /* Classes */ = {
			isa = PBXGroup;
			children = (
				F2ABB4D504B76E8B006A8F0E /* Card.h */,
				F2ABB4D604B76E8B006A8F0E /* Card.m */,
				F2BFB9B104B89C1D0085C4AC /* CardView.h */,
				F2BFB9B204B89C1D0085C4AC /* CardView.m */,
				F2B3C1C304B48990008FB189 /* Table.h */,
				F2B3C1C404B48990008FB189 /* Table.m */,
				F2D5C97F04D01675009D3217 /* TableLocation.h */,
				F2D5C98104D01684009D3217 /* TableLocation.m */,
				F265026604BF76F50099FD16 /* TableMove.h */,
				F265026704BF76F50099FD16 /* TableMove.m */,
				F2CBECB004B4D1890052BE5F /* Game.h */,
				F2CBECB104B4D1890052BE5F /* Game.m */,
				F2CD26A404B477F30003D579 /* GameView.h */,
				F2CD26A504B477F30003D579 /* GameView.m */,
				F24508A204BB163A00664F50 /* GameController.h */,
				F24508A304BB163A00664F50 /* GameController.m */,
				F2CFBFB104D331C700062083 /* History.h */,
				F2CFBFB204D331C700062083 /* History.m */,
				F26D7EC904D5E9BA00388118 /* HistoryController.h */,
				F26D7ECA04D5E9BA00388118 /* HistoryController.m */,
				F2E74A2804D6A1A300494E10 /* Result.h */,
				F2E74A2904D6A1A300494E10 /* Result.m */,
				F2B09AC904DB2C7C00203F18 /* PreferencesController.h */,
				F2B09ACA04DB2C7C00203F18 /* PreferencesController.m */,
				F2B6AE4D07F5933000F80727 /* vccRand.c */,
				F2B6AE4E07F5933000F80727 /* vccRand.h */,
			);
			name = Classes;
			sourceTree = "<group>";
		};
		1058C7A0FEA54F0111CA2CBB /* Linked Frameworks */ = {
			isa = PBXGroup;
			children = (
				1058C7A1FEA54F0111CA2CBB /* Cocoa.framework */,
			);
			name = "Linked Frameworks";
			sourceTree = "<group>";
		};
		1058C7A2FEA54F0111CA2CBB /* Other Frameworks */ = {
			isa = PBXGroup;
			children = (
				29B97325FDCFA39411CA2CEA /* Foundation.framework */,
				29B97324FDCFA39411CA2CEA /* AppKit.framework */,
			);
			name = "Other Frameworks";
			sourceTree = "<group>";
		};
		19C28FACFE9D520D11CA2CBB /* Products */ = {
			isa = PBXGroup;
			children = (
				F29D0D5F158CE03A0050A6FA /* Freecell.app */,
				55B47D7E2166B91E00D34D16 /* FreeCell Swift.app */,
			);
			name = Products;
			sourceTree = "<group>";
		};
		29B97314FDCFA39411CA2CEA /* Freecell */ = {
			isa = PBXGroup;
			children = (
				55B47D792166B85000D34D16 /* Freecell */,
				55B47D7F2166B91E00D34D16 /* FreeCell Swift */,
				29B97323FDCFA39411CA2CEA /* Frameworks */,
				19C28FACFE9D520D11CA2CBB /* Products */,
			);
			name = Freecell;
			sourceTree = "<group>";
			usesTabs = 0;
		};
		29B97315FDCFA39411CA2CEA /* Other Sources */ = {
			isa = PBXGroup;
			children = (
				32CA4F630368D1EE00C91783 /* Freecell_Prefix.h */,
				29B97316FDCFA39411CA2CEA /* main.m */,
			);
			name = "Other Sources";
			sourceTree = "<group>";
		};
		29B97317FDCFA39411CA2CEA /* Resources */ = {
			isa = PBXGroup;
			children = (
				552B1E3C217801650062E4CC /* Freecell.help */,
				F29D0D5E158CE03A0050A6FA /* Info-Freecell.plist */,
				F2F17F5C04E07FD4003ED142 /* Credits.html */,
				F2E57CE104C20E36005D2EDB /* Freecell.icns */,
				29B97318FDCFA39411CA2CEA /* MainMenu.nib */,
				F2BD40BD04E06C960098C7F4 /* Localizable.strings */,
				089C165CFE840E0CC02AAC07 /* InfoPlist.strings */,
				F263A24604DB34FB00922A1B /* Cards */,
			);
			name = Resources;
			sourceTree = "<group>";
		};
		29B97323FDCFA39411CA2CEA /* Frameworks */ = {
			isa = PBXGroup;
			children = (
				1058C7A0FEA54F0111CA2CBB /* Linked Frameworks */,
				1058C7A2FEA54F0111CA2CBB /* Other Frameworks */,
			);
			name = Frameworks;
			sourceTree = "<group>";
		};
		552B1E372177CF5B0062E4CC /* Classes */ = {
			isa = PBXGroup;
			children = (
				55B47D8D2166B96700D34D16 /* Card.swift */,
				55CCAA252166F085008EEFE7 /* CardView.swift */,
				552B1E382177D9CB0062E4CC /* Game.swift */,
				552B1E3A2177D9E90062E4CC /* GameView.swift */,
				55B47D932166BB9500D34D16 /* GameController.swift */,
				552B1E2D2177B5710062E4CC /* History.swift */,
				552B1E352177BDCE0062E4CC /* HistoryController.swift */,
				55B47D972166C4E000D34D16 /* Result.swift */,
				55CCAA232166F053008EEFE7 /* Table.swift */,
				55B47D952166C28C00D34D16 /* TableLocation.swift */,
				55ECE0882169DCC300943261 /* TableMove.swift */,
				55B47D992166C6AF00D34D16 /* vccRandHelper.swift */,
			);
			name = Classes;
			sourceTree = "<group>";
		};
		55B47D792166B85000D34D16 /* Freecell */ = {
			isa = PBXGroup;
			children = (
				080E96DDFE201D6D7F000001 /* Classes */,
				29B97315FDCFA39411CA2CEA /* Other Sources */,
				29B97317FDCFA39411CA2CEA /* Resources */,
			);
			name = Freecell;
			sourceTree = "<group>";
		};
		55B47D7F2166B91E00D34D16 /* FreeCell Swift */ = {
			isa = PBXGroup;
			children = (
				552B1E372177CF5B0062E4CC /* Classes */,
				55B47D822166B92000D34D16 /* Assets.xcassets */,
				55B47D842166B92000D34D16 /* MainMenu.xib */,
				55EB7FA0216BF37000827FEB /* InfoPlist.strings */,
				55B47D872166B92000D34D16 /* Info.plist */,
				55B47D882166B92000D34D16 /* FreeCell_Swift.entitlements */,
				55B47D922166B9C600D34D16 /* FreeCellSwift-bridging.h */,
			);
			path = "FreeCell Swift";
			sourceTree = "<group>";
			usesTabs = 1;
		};
		F263A24604DB34FB00922A1B /* Cards */ = {
			isa = PBXGroup;
			children = (
				F241643C07C7A06B002C0965 /* bonded.png */,
			);
			name = Cards;
			sourceTree = "<group>";
		};
/* End PBXGroup section */

/* Begin PBXHeadersBuildPhase section */
		F29D0D32158CE03A0050A6FA /* Headers */ = {
			isa = PBXHeadersBuildPhase;
			buildActionMask = 2147483647;
			files = (
				F29D0D33158CE03A0050A6FA /* Freecell_Prefix.h in Headers */,
				F29D0D34158CE03A0050A6FA /* GameView.h in Headers */,
				F29D0D35158CE03A0050A6FA /* Table.h in Headers */,
				F29D0D36158CE03A0050A6FA /* Game.h in Headers */,
				F29D0D37158CE03A0050A6FA /* CardView.h in Headers */,
				F29D0D38158CE03A0050A6FA /* GameController.h in Headers */,
				F29D0D39158CE03A0050A6FA /* TableMove.h in Headers */,
				F29D0D3A158CE03A0050A6FA /* TableLocation.h in Headers */,
				F29D0D3B158CE03A0050A6FA /* History.h in Headers */,
				F29D0D3C158CE03A0050A6FA /* HistoryController.h in Headers */,
				F29D0D3D158CE03A0050A6FA /* Result.h in Headers */,
				F29D0D3E158CE03A0050A6FA /* PreferencesController.h in Headers */,
				F29D0D3F158CE03A0050A6FA /* Card.h in Headers */,
				F29D0D40158CE03A0050A6FA /* vccRand.h in Headers */,
			);
			runOnlyForDeploymentPostprocessing = 0;
		};
/* End PBXHeadersBuildPhase section */

/* Begin PBXNativeTarget section */
		55B47D7D2166B91E00D34D16 /* FreeCell Swift */ = {
			isa = PBXNativeTarget;
			buildConfigurationList = 55B47D8B2166B92000D34D16 /* Build configuration list for PBXNativeTarget "FreeCell Swift" */;
			buildPhases = (
				55B47D7A2166B91E00D34D16 /* Sources */,
				55B47D7B2166B91E00D34D16 /* Frameworks */,
				55B47D7C2166B91E00D34D16 /* Resources */,
			);
			buildRules = (
			);
			dependencies = (
			);
			name = "FreeCell Swift";
			productName = "FreeCell Swift";
			productReference = 55B47D7E2166B91E00D34D16 /* FreeCell Swift.app */;
			productType = "com.apple.product-type.application";
		};
		F29D0D31158CE03A0050A6FA /* Freecell */ = {
			isa = PBXNativeTarget;
			buildConfigurationList = F29D0D5A158CE03A0050A6FA /* Build configuration list for PBXNativeTarget "Freecell" */;
			buildPhases = (
				F29D0D32158CE03A0050A6FA /* Headers */,
				F29D0D41158CE03A0050A6FA /* Resources */,
				F29D0D49158CE03A0050A6FA /* Sources */,
				F29D0D58158CE03A0050A6FA /* Frameworks */,
			);
			buildRules = (
			);
			dependencies = (
			);
			name = Freecell;
			productName = Freecell;
			productReference = F29D0D5F158CE03A0050A6FA /* Freecell.app */;
			productType = "com.apple.product-type.application";
		};
/* End PBXNativeTarget section */

/* Begin PBXProject section */
		29B97313FDCFA39411CA2CEA /* Project object */ = {
			isa = PBXProject;
			attributes = {
				LastSwiftUpdateCheck = 1000;
				LastUpgradeCheck = 1000;
				TargetAttributes = {
					55B47D7D2166B91E00D34D16 = {
						CreatedOnToolsVersion = 10.0;
						ProvisioningStyle = Automatic;
					};
				};
			};
			buildConfigurationList = F29D0D27158CDFEE0050A6FA /* Build configuration list for PBXProject "Freecell" */;
			compatibilityVersion = "Xcode 3.2";
			developmentRegion = en;
			hasScannedForEncodings = 1;
			knownRegions = (
				Base,
				en,
				ja,
				fr,
				de,
				nl,
				es,
				fi,
			);
			mainGroup = 29B97314FDCFA39411CA2CEA /* Freecell */;
			projectDirPath = "";
			projectRoot = "";
			targets = (
				F29D0D31158CE03A0050A6FA /* Freecell */,
				55B47D7D2166B91E00D34D16 /* FreeCell Swift */,
			);
		};
/* End PBXProject section */

/* Begin PBXResourcesBuildPhase section */
		55B47D7C2166B91E00D34D16 /* Resources */ = {
			isa = PBXResourcesBuildPhase;
			buildActionMask = 2147483647;
			files = (
				55B47D832166B92000D34D16 /* Assets.xcassets in Resources */,
				55CCAA212166EF96008EEFE7 /* Localizable.strings in Resources */,
				55B47D862166B92000D34D16 /* MainMenu.xib in Resources */,
				552B1E3E217801650062E4CC /* Freecell.help in Resources */,
				55EB7F9E216BF37000827FEB /* InfoPlist.strings in Resources */,
			);
			runOnlyForDeploymentPostprocessing = 0;
		};
		F29D0D41158CE03A0050A6FA /* Resources */ = {
			isa = PBXResourcesBuildPhase;
			buildActionMask = 2147483647;
			files = (
				F29D0D42158CE03A0050A6FA /* MainMenu.nib in Resources */,
				F29D0D43158CE03A0050A6FA /* InfoPlist.strings in Resources */,
				F29D0D44158CE03A0050A6FA /* Freecell.icns in Resources */,
				F29D0D45158CE03A0050A6FA /* Credits.html in Resources */,
				55CCAA202166DD67008EEFE7 /* Assets.xcassets in Resources */,
				552B1E3D217801650062E4CC /* Freecell.help in Resources */,
				F29D0D46158CE03A0050A6FA /* Localizable.strings in Resources */,
			);
			runOnlyForDeploymentPostprocessing = 0;
		};
/* End PBXResourcesBuildPhase section */

/* Begin PBXSourcesBuildPhase section */
		55B47D7A2166B91E00D34D16 /* Sources */ = {
			isa = PBXSourcesBuildPhase;
			buildActionMask = 2147483647;
			files = (
				55B47D982166C4E000D34D16 /* Result.swift in Sources */,
				55CCAA262166F085008EEFE7 /* CardView.swift in Sources */,
				55B47D9A2166C6AF00D34D16 /* vccRandHelper.swift in Sources */,
				552B1E2E2177B5710062E4CC /* History.swift in Sources */,
				55B47D942166BB9500D34D16 /* GameController.swift in Sources */,
				55B47D962166C28C00D34D16 /* TableLocation.swift in Sources */,
				552B1E392177D9CB0062E4CC /* Game.swift in Sources */,
				55B47D8E2166B96700D34D16 /* Card.swift in Sources */,
				552B1E362177BDCE0062E4CC /* HistoryController.swift in Sources */,
				55CCAA242166F053008EEFE7 /* Table.swift in Sources */,
				552B1E3B2177D9E90062E4CC /* GameView.swift in Sources */,
				55ECE0892169DCC300943261 /* TableMove.swift in Sources */,
			);
			runOnlyForDeploymentPostprocessing = 0;
		};
		F29D0D49158CE03A0050A6FA /* Sources */ = {
			isa = PBXSourcesBuildPhase;
			buildActionMask = 2147483647;
			files = (
				F29D0D4A158CE03A0050A6FA /* main.m in Sources */,
				F29D0D4B158CE03A0050A6FA /* GameView.m in Sources */,
				F29D0D4C158CE03A0050A6FA /* Game.m in Sources */,
				F29D0D4D158CE03A0050A6FA /* Card.m in Sources */,
				F29D0D4E158CE03A0050A6FA /* CardView.m in Sources */,
				F29D0D4F158CE03A0050A6FA /* GameController.m in Sources */,
				F29D0D50158CE03A0050A6FA /* TableMove.m in Sources */,
				F29D0D51158CE03A0050A6FA /* Table.m in Sources */,
				F29D0D52158CE03A0050A6FA /* TableLocation.m in Sources */,
				F29D0D53158CE03A0050A6FA /* History.m in Sources */,
				F29D0D54158CE03A0050A6FA /* HistoryController.m in Sources */,
				F29D0D55158CE03A0050A6FA /* Result.m in Sources */,
				F29D0D56158CE03A0050A6FA /* PreferencesController.m in Sources */,
				F29D0D57158CE03A0050A6FA /* vccRand.c in Sources */,
			);
			runOnlyForDeploymentPostprocessing = 0;
		};
/* End PBXSourcesBuildPhase section */

/* Begin PBXVariantGroup section */
		089C165CFE840E0CC02AAC07 /* InfoPlist.strings */ = {
			isa = PBXVariantGroup;
			children = (
				089C165DFE840E0CC02AAC07 /* en */,
				F2E139220502402B0059D1F0 /* nl */,
				F290B98F0505E6CF00DB1354 /* fr */,
				F2FE115807C91E1B00C0DC93 /* es */,
				F2FE115907C91E1D00C0DC93 /* ja */,
				F2EBA8CD07C939340093A065 /* fi */,
			);
			name = InfoPlist.strings;
			sourceTree = "<group>";
		};
		29B97318FDCFA39411CA2CEA /* MainMenu.nib */ = {
			isa = PBXVariantGroup;
			children = (
				29B97319FDCFA39411CA2CEA /* en */,
				F2E13920050240090059D1F0 /* nl */,
				F290B98E0505E6BD00DB1354 /* fr */,
				F2FE114707C91DD800C0DC93 /* ja */,
				F2FE114807C91DDB00C0DC93 /* es */,
				F2EBA8CA07C9391D0093A065 /* fi */,
			);
			name = MainMenu.nib;
			sourceTree = "<group>";
		};
		55B47D842166B92000D34D16 /* MainMenu.xib */ = {
			isa = PBXVariantGroup;
			children = (
				55B47D852166B92000D34D16 /* Base */,
				552ED130216BED76009D31B2 /* en */,
				552ED140216BEE76009D31B2 /* ja */,
				552ED141216BEE80009D31B2 /* fr */,
				552ED142216BEE84009D31B2 /* nl */,
				552ED143216BEE88009D31B2 /* es */,
				552ED144216BEE8E009D31B2 /* fi */,
			);
			name = MainMenu.xib;
			sourceTree = "<group>";
		};
		55EB7FA0216BF37000827FEB /* InfoPlist.strings */ = {
			isa = PBXVariantGroup;
			children = (
				55EB7F9F216BF37000827FEB /* en */,
				55EB7FA1216BF47300827FEB /* ja */,
				55EB7FA2216BF47400827FEB /* fr */,
				55EB7FA3216BF47600827FEB /* nl */,
				55EB7FA4216BF47700827FEB /* es */,
				55EB7FA5216BF47800827FEB /* fi */,
			);
			name = InfoPlist.strings;
			sourceTree = "<group>";
		};
		F2BD40BD04E06C960098C7F4 /* Localizable.strings */ = {
			isa = PBXVariantGroup;
			children = (
				F2BD40BE04E06C960098C7F4 /* en */,
				F2E139210502401B0059D1F0 /* nl */,
				F290B9900505E6DD00DB1354 /* fr */,
				F2FE115407C91E0400C0DC93 /* es */,
				F2FE115507C91E0600C0DC93 /* ja */,
				F2EBA8CC07C9392C0093A065 /* fi */,
			);
			name = Localizable.strings;
			sourceTree = "<group>";
		};
		F2F17F5C04E07FD4003ED142 /* Credits.html */ = {
			isa = PBXVariantGroup;
			children = (
				F2B4CA5B04C3317600634620 /* en */,
				F2E1391E05023FEB0059D1F0 /* nl */,
				F290B98C0505E42600DB1354 /* fr */,
				F2FE118507C91F5600C0DC93 /* es */,
				F2FE118407C91F5300C0DC93 /* ja */,
				F2EBA8CB07C939260093A065 /* fi */,
			);
			name = Credits.html;
			sourceTree = "<group>";
		};
/* End PBXVariantGroup section */

/* Begin XCBuildConfiguration section */
		55B47D892166B92000D34D16 /* Debug */ = {
			isa = XCBuildConfiguration;
			buildSettings = {
				ASSETCATALOG_COMPILER_APPICON_NAME = Freecell;
				CLANG_ANALYZER_NONNULL = YES;
				CLANG_ANALYZER_NUMBER_OBJECT_CONVERSION = YES_AGGRESSIVE;
				CLANG_CXX_LANGUAGE_STANDARD = "gnu++14";
				CLANG_CXX_LIBRARY = "libc++";
				CLANG_ENABLE_MODULES = YES;
				CLANG_ENABLE_OBJC_ARC = YES;
				CLANG_ENABLE_OBJC_WEAK = YES;
				CLANG_WARN_DIRECT_OBJC_ISA_USAGE = YES_ERROR;
				CLANG_WARN_DOCUMENTATION_COMMENTS = YES;
				CLANG_WARN_OBJC_ROOT_CLASS = YES_ERROR;
				CLANG_WARN_UNGUARDED_AVAILABILITY = YES_AGGRESSIVE;
				CODE_SIGN_ENTITLEMENTS = "FreeCell Swift/FreeCell_Swift.entitlements";
				CODE_SIGN_IDENTITY = "-";
				CODE_SIGN_STYLE = Automatic;
				COMBINE_HIDPI_IMAGES = YES;
				COPY_PHASE_STRIP = NO;
				DEBUG_INFORMATION_FORMAT = dwarf;
				GCC_C_LANGUAGE_STANDARD = gnu11;
				GCC_DYNAMIC_NO_PIC = NO;
				GCC_OPTIMIZATION_LEVEL = 0;
				GCC_PREPROCESSOR_DEFINITIONS = (
					"DEBUG=1",
					"$(inherited)",
				);
				GCC_WARN_ABOUT_RETURN_TYPE = YES_ERROR;
				GCC_WARN_UNINITIALIZED_AUTOS = YES_AGGRESSIVE;
				INFOPLIST_FILE = "FreeCell Swift/Info.plist";
				LD_RUNPATH_SEARCH_PATHS = "$(inherited) @executable_path/../Frameworks";
				MACOSX_DEPLOYMENT_TARGET = 10.11;
				MTL_ENABLE_DEBUG_INFO = INCLUDE_SOURCE;
				MTL_FAST_MATH = YES;
				PRODUCT_BUNDLE_IDENTIFIER = "com.github.MaddTheSane.FreeCell-Swift";
				PRODUCT_NAME = "$(TARGET_NAME)";
				SWIFT_ACTIVE_COMPILATION_CONDITIONS = DEBUG;
				SWIFT_OBJC_BRIDGING_HEADER = "FreeCell Swift/FreeCellSwift-bridging.h";
				SWIFT_OPTIMIZATION_LEVEL = "-Onone";
				SWIFT_VERSION = 4.2;
			};
			name = Debug;
		};
		55B47D8A2166B92000D34D16 /* Release */ = {
			isa = XCBuildConfiguration;
			buildSettings = {
				ASSETCATALOG_COMPILER_APPICON_NAME = Freecell;
				CLANG_ANALYZER_NONNULL = YES;
				CLANG_ANALYZER_NUMBER_OBJECT_CONVERSION = YES_AGGRESSIVE;
				CLANG_CXX_LANGUAGE_STANDARD = "gnu++14";
				CLANG_CXX_LIBRARY = "libc++";
				CLANG_ENABLE_MODULES = YES;
				CLANG_ENABLE_OBJC_ARC = YES;
				CLANG_ENABLE_OBJC_WEAK = YES;
				CLANG_WARN_DIRECT_OBJC_ISA_USAGE = YES_ERROR;
				CLANG_WARN_DOCUMENTATION_COMMENTS = YES;
				CLANG_WARN_OBJC_ROOT_CLASS = YES_ERROR;
				CLANG_WARN_UNGUARDED_AVAILABILITY = YES_AGGRESSIVE;
				CODE_SIGN_ENTITLEMENTS = "FreeCell Swift/FreeCell_Swift.entitlements";
				CODE_SIGN_IDENTITY = "-";
				CODE_SIGN_STYLE = Automatic;
				COMBINE_HIDPI_IMAGES = YES;
				COPY_PHASE_STRIP = NO;
				DEBUG_INFORMATION_FORMAT = "dwarf-with-dsym";
				ENABLE_NS_ASSERTIONS = NO;
				GCC_C_LANGUAGE_STANDARD = gnu11;
				GCC_WARN_ABOUT_RETURN_TYPE = YES_ERROR;
				GCC_WARN_UNINITIALIZED_AUTOS = YES_AGGRESSIVE;
				INFOPLIST_FILE = "FreeCell Swift/Info.plist";
				LD_RUNPATH_SEARCH_PATHS = "$(inherited) @executable_path/../Frameworks";
				MACOSX_DEPLOYMENT_TARGET = 10.11;
				MTL_ENABLE_DEBUG_INFO = NO;
				MTL_FAST_MATH = YES;
				PRODUCT_BUNDLE_IDENTIFIER = "com.github.MaddTheSane.FreeCell-Swift";
				PRODUCT_NAME = "$(TARGET_NAME)";
				SWIFT_OBJC_BRIDGING_HEADER = "FreeCell Swift/FreeCellSwift-bridging.h";
				SWIFT_OPTIMIZATION_LEVEL = "-Owholemodule";
				SWIFT_VERSION = 4.2;
			};
			name = Release;
		};
		F29D0CBC158CDFEE0050A6FA /* Debug */ = {
			isa = XCBuildConfiguration;
			buildSettings = {
				ALWAYS_SEARCH_USER_PATHS = NO;
				CLANG_ANALYZER_LOCALIZABILITY_NONLOCALIZED = YES;
				CLANG_WARN_BLOCK_CAPTURE_AUTORELEASING = YES;
				CLANG_WARN_BOOL_CONVERSION = YES;
				CLANG_WARN_COMMA = YES;
				CLANG_WARN_CONSTANT_CONVERSION = YES;
				CLANG_WARN_DEPRECATED_OBJC_IMPLEMENTATIONS = YES;
				CLANG_WARN_EMPTY_BODY = YES;
				CLANG_WARN_ENUM_CONVERSION = YES;
				CLANG_WARN_INFINITE_RECURSION = YES;
				CLANG_WARN_INT_CONVERSION = YES;
				CLANG_WARN_NON_LITERAL_NULL_CONVERSION = YES;
				CLANG_WARN_OBJC_IMPLICIT_RETAIN_SELF = YES;
				CLANG_WARN_OBJC_LITERAL_CONVERSION = YES;
				CLANG_WARN_RANGE_LOOP_ANALYSIS = YES;
				CLANG_WARN_STRICT_PROTOTYPES = YES;
				CLANG_WARN_SUSPICIOUS_MOVE = YES;
				CLANG_WARN_UNREACHABLE_CODE = YES;
				CLANG_WARN__DUPLICATE_METHOD_MATCH = YES;
				ENABLE_STRICT_OBJC_MSGSEND = YES;
				ENABLE_TESTABILITY = YES;
				GCC_NO_COMMON_BLOCKS = YES;
				GCC_WARN_64_TO_32_BIT_CONVERSION = YES;
				GCC_WARN_ABOUT_RETURN_TYPE = YES;
				GCC_WARN_UNDECLARED_SELECTOR = YES;
				GCC_WARN_UNINITIALIZED_AUTOS = YES;
				GCC_WARN_UNUSED_FUNCTION = YES;
				GCC_WARN_UNUSED_VARIABLE = YES;
				MACOSX_DEPLOYMENT_TARGET = 10.9;
				ONLY_ACTIVE_ARCH = YES;
				SDKROOT = macosx;
			};
			name = Debug;
		};
		F29D0CBD158CDFEE0050A6FA /* Release */ = {
			isa = XCBuildConfiguration;
			buildSettings = {
				ALWAYS_SEARCH_USER_PATHS = NO;
				CLANG_ANALYZER_LOCALIZABILITY_NONLOCALIZED = YES;
				CLANG_WARN_BLOCK_CAPTURE_AUTORELEASING = YES;
				CLANG_WARN_BOOL_CONVERSION = YES;
				CLANG_WARN_COMMA = YES;
				CLANG_WARN_CONSTANT_CONVERSION = YES;
				CLANG_WARN_DEPRECATED_OBJC_IMPLEMENTATIONS = YES;
				CLANG_WARN_EMPTY_BODY = YES;
				CLANG_WARN_ENUM_CONVERSION = YES;
				CLANG_WARN_INFINITE_RECURSION = YES;
				CLANG_WARN_INT_CONVERSION = YES;
				CLANG_WARN_NON_LITERAL_NULL_CONVERSION = YES;
				CLANG_WARN_OBJC_IMPLICIT_RETAIN_SELF = YES;
				CLANG_WARN_OBJC_LITERAL_CONVERSION = YES;
				CLANG_WARN_RANGE_LOOP_ANALYSIS = YES;
				CLANG_WARN_STRICT_PROTOTYPES = YES;
				CLANG_WARN_SUSPICIOUS_MOVE = YES;
				CLANG_WARN_UNREACHABLE_CODE = YES;
				CLANG_WARN__DUPLICATE_METHOD_MATCH = YES;
				ENABLE_STRICT_OBJC_MSGSEND = YES;
				GCC_NO_COMMON_BLOCKS = YES;
				GCC_WARN_64_TO_32_BIT_CONVERSION = YES;
				GCC_WARN_ABOUT_RETURN_TYPE = YES;
				GCC_WARN_UNDECLARED_SELECTOR = YES;
				GCC_WARN_UNINITIALIZED_AUTOS = YES;
				GCC_WARN_UNUSED_FUNCTION = YES;
				GCC_WARN_UNUSED_VARIABLE = YES;
				MACOSX_DEPLOYMENT_TARGET = 10.9;
				SDKROOT = macosx;
			};
			name = Release;
		};
		F29D0D5B158CE03A0050A6FA /* Debug */ = {
			isa = XCBuildConfiguration;
			buildSettings = {
				ASSETCATALOG_COMPILER_APPICON_NAME = Freecell;
				CLANG_ENABLE_OBJC_ARC = YES;
				CLANG_ENABLE_OBJC_WEAK = YES;
				COMBINE_HIDPI_IMAGES = YES;
				COPY_PHASE_STRIP = NO;
				CURRENT_PROJECT_VERSION = 52;
				FRAMEWORK_SEARCH_PATHS = "";
				GCC_DYNAMIC_NO_PIC = NO;
				GCC_GENERATE_DEBUGGING_SYMBOLS = YES;
				GCC_OPTIMIZATION_LEVEL = 0;
				GCC_PRECOMPILE_PREFIX_HEADER = YES;
				GCC_PREFIX_HEADER = Freecell_Prefix.h;
				GCC_SYMBOLS_PRIVATE_EXTERN = NO;
				HEADER_SEARCH_PATHS = "";
				INFOPLIST_FILE = "Info-Freecell.plist";
				LIBRARY_SEARCH_PATHS = "";
				MACOSX_DEPLOYMENT_TARGET = 10.8;
				OTHER_CFLAGS = "";
				OTHER_LDFLAGS = "";
				PRODUCT_BUNDLE_IDENTIFIER = org.wasters.Freecell;
				PRODUCT_NAME = Freecell;
				SECTORDER_FLAGS = "";
				VERSIONING_SYSTEM = "apple-generic";
				WARNING_CFLAGS = (
					"-Wmost",
					"-Wno-four-char-constants",
					"-Wno-unknown-pragmas",
				);
				WRAPPER_EXTENSION = app;
				ZERO_LINK = YES;
			};
			name = Debug;
		};
		F29D0D5C158CE03A0050A6FA /* Release */ = {
			isa = XCBuildConfiguration;
			buildSettings = {
				ASSETCATALOG_COMPILER_APPICON_NAME = Freecell;
				CLANG_ENABLE_OBJC_ARC = YES;
				CLANG_ENABLE_OBJC_WEAK = YES;
				COMBINE_HIDPI_IMAGES = YES;
				COPY_PHASE_STRIP = YES;
				CURRENT_PROJECT_VERSION = 52;
				FRAMEWORK_SEARCH_PATHS = "";
				GCC_PRECOMPILE_PREFIX_HEADER = YES;
				GCC_PREFIX_HEADER = Freecell_Prefix.h;
				GCC_SYMBOLS_PRIVATE_EXTERN = NO;
				HEADER_SEARCH_PATHS = "";
				INFOPLIST_FILE = "Info-Freecell.plist";
				LIBRARY_SEARCH_PATHS = "";
				MACOSX_DEPLOYMENT_TARGET = 10.8;
				OTHER_CFLAGS = "";
				OTHER_LDFLAGS = "";
				PRODUCT_BUNDLE_IDENTIFIER = org.wasters.Freecell;
				PRODUCT_NAME = Freecell;
				SECTORDER_FLAGS = "";
				VERSIONING_SYSTEM = "apple-generic";
				WARNING_CFLAGS = (
					"-Wmost",
					"-Wno-four-char-constants",
					"-Wno-unknown-pragmas",
				);
				WRAPPER_EXTENSION = app;
				ZERO_LINK = NO;
			};
			name = Release;
		};
/* End XCBuildConfiguration section */

/* Begin XCConfigurationList section */
		55B47D8B2166B92000D34D16 /* Build configuration list for PBXNativeTarget "FreeCell Swift" */ = {
			isa = XCConfigurationList;
			buildConfigurations = (
				55B47D892166B92000D34D16 /* Debug */,
				55B47D8A2166B92000D34D16 /* Release */,
			);
			defaultConfigurationIsVisible = 0;
			defaultConfigurationName = Release;
		};
		F29D0D27158CDFEE0050A6FA /* Build configuration list for PBXProject "Freecell" */ = {
			isa = XCConfigurationList;
			buildConfigurations = (
				F29D0CBC158CDFEE0050A6FA /* Debug */,
				F29D0CBD158CDFEE0050A6FA /* Release */,
			);
			defaultConfigurationIsVisible = 0;
			defaultConfigurationName = Release;
		};
		F29D0D5A158CE03A0050A6FA /* Build configuration list for PBXNativeTarget "Freecell" */ = {
			isa = XCConfigurationList;
			buildConfigurations = (
				F29D0D5B158CE03A0050A6FA /* Debug */,
				F29D0D5C158CE03A0050A6FA /* Release */,
			);
			defaultConfigurationIsVisible = 0;
			defaultConfigurationName = Release;
		};
/* End XCConfigurationList section */
	};
	rootObject = 29B97313FDCFA39411CA2CEA /* Project object */;
}
